
Microsoft Visual Studio Solution File, Format Version 12.00
# Visual Studio Version 17
VisualStudioVersion = 17.0.31903.59
MinimumVisualStudioVersion = 10.0.40219.1
Project("{FAE04EC0-301F-11D3-BF4B-00C04F79EFBC}") = "Nerv.Repository", "Nerv.Repository\Nerv.Repository.csproj", "{42E484DC-9DD6-4C35-A55F-2C767C6D9ECD}"
EndProject
Project("{2150E333-8FDC-42A3-9474-1A3956D46DE8}") = "Tests", "Tests", "{0AB3BF05-4346-4AA6-1389-037BE0695223}"
EndProject
Project("{FAE04EC0-301F-11D3-BF4B-00C04F79EFBC}") = "Nerv.Repository.Tests", "Tests\Nerv.Repository.Tests\Nerv.Repository.Tests.csproj", "{DC30A2D5-53CC-4674-8E60-7FB281F0C1D9}"
EndProject
Global
	GlobalSection(SolutionConfigurationPlatforms) = preSolution
		Debug|Any CPU = Debug|Any CPU
		Debug|x64 = Debug|x64
		Debug|x86 = Debug|x86
		Release|Any CPU = Release|Any CPU
		Release|x64 = Release|x64
		Release|x86 = Release|x86
	EndGlobalSection
	GlobalSection(ProjectConfigurationPlatforms) = postSolution
		{42E484DC-9DD6-4C35-A55F-2C767C6D9ECD}.Debug|Any CPU.ActiveCfg = Debug|Any CPU
		{42E484DC-9DD6-4C35-A55F-2C767C6D9ECD}.Debug|Any CPU.Build.0 = Debug|Any CPU
		{42E484DC-9DD6-4C35-A55F-2C767C6D9ECD}.Debug|x64.ActiveCfg = Debug|Any CPU
		{42E484DC-9DD6-4C35-A55F-2C767C6D9ECD}.Debug|x64.Build.0 = Debug|Any CPU
		{42E484DC-9DD6-4C35-A55F-2C767C6D9ECD}.Debug|x86.ActiveCfg = Debug|Any CPU
		{42E484DC-9DD6-4C35-A55F-2C767C6D9ECD}.Debug|x86.Build.0 = Debug|Any CPU
		{42E484DC-9DD6-4C35-A55F-2C767C6D9ECD}.Release|Any CPU.ActiveCfg = Release|Any CPU
		{42E484DC-9DD6-4C35-A55F-2C767C6D9ECD}.Release|Any CPU.Build.0 = Release|Any CPU
		{42E484DC-9DD6-4C35-A55F-2C767C6D9ECD}.Release|x64.ActiveCfg = Release|Any CPU
		{42E484DC-9DD6-4C35-A55F-2C767C6D9ECD}.Release|x64.Build.0 = Release|Any CPU
		{42E484DC-9DD6-4C35-A55F-2C767C6D9ECD}.Release|x86.ActiveCfg = Release|Any CPU
		{42E484DC-9DD6-4C35-A55F-2C767C6D9ECD}.Release|x86.Build.0 = Release|Any CPU
		{DC30A2D5-53CC-4674-8E60-7FB281F0C1D9}.Debug|Any CPU.ActiveCfg = Debug|Any CPU
		{DC30A2D5-53CC-4674-8E60-7FB281F0C1D9}.Debug|Any CPU.Build.0 = Debug|Any CPU
		{DC30A2D5-53CC-4674-8E60-7FB281F0C1D9}.Debug|x64.ActiveCfg = Debug|Any CPU
		{DC30A2D5-53CC-4674-8E60-7FB281F0C1D9}.Debug|x64.Build.0 = Debug|Any CPU
		{DC30A2D5-53CC-4674-8E60-7FB281F0C1D9}.Debug|x86.ActiveCfg = Debug|Any CPU
		{DC30A2D5-53CC-4674-8E60-7FB281F0C1D9}.Debug|x86.Build.0 = Debug|Any CPU
		{DC30A2D5-53CC-4674-8E60-7FB281F0C1D9}.Release|Any CPU.ActiveCfg = Release|Any CPU
		{DC30A2D5-53CC-4674-8E60-7FB281F0C1D9}.Release|Any CPU.Build.0 = Release|Any CPU
		{DC30A2D5-53CC-4674-8E60-7FB281F0C1D9}.Release|x64.ActiveCfg = Release|Any CPU
		{DC30A2D5-53CC-4674-8E60-7FB281F0C1D9}.Release|x64.Build.0 = Release|Any CPU
		{DC30A2D5-53CC-4674-8E60-7FB281F0C1D9}.Release|x86.ActiveCfg = Release|Any CPU
		{DC30A2D5-53CC-4674-8E60-7FB281F0C1D9}.Release|x86.Build.0 = Release|Any CPU
	EndGlobalSection
	GlobalSection(SolutionProperties) = preSolution
		HideSolutionNode = FALSE
	EndGlobalSection
	GlobalSection(NestedProjects) = preSolution
		{DC30A2D5-53CC-4674-8E60-7FB281F0C1D9} = {0AB3BF05-4346-4AA6-1389-037BE0695223}
	EndGlobalSection
EndGlobal
